{
  "name": "oc-template-elm",
  "version": "0.0.2",
  "lockfileVersion": 1,
  "requires": true,
  "dependencies": {
    "minimal-request": {
      "version": "3.0.0",
      "resolved": "https://registry.npmjs.org/minimal-request/-/minimal-request-3.0.0.tgz",
      "integrity": "sha1-Z1e0V7z/3dB4/ekCFjHK3snhl7c="
    },
    "nice-cache": {
      "version": "0.0.5",
      "resolved": "https://registry.npmjs.org/nice-cache/-/nice-cache-0.0.5.tgz",
      "integrity": "sha1-vSp+BkyTklxFrQGQZIPNwyh0IIY="
    },
    "oc-generic-template-renderer": {
      "version": "2.0.4",
      "resolved": "https://registry.npmjs.org/oc-generic-template-renderer/-/oc-generic-template-renderer-2.0.4.tgz",
      "integrity": "sha1-1k00tBIJHvllK4mnMgxK7ki30Ac="
    }
  }
}
